// !$*UTF8*$!
{
	archiveVersion = 1;
	classes = {
	};
	objectVersion = 55;
	objects = {

/* Begin PBXBuildFile section */
		DD2B3FD72920F5D900C22031 /* BaseViewController.swift in Sources */ = {isa = PBXBuildFile; fileRef = DD2B3FD62920F5D900C22031 /* BaseViewController.swift */; };
		DD35BE4C291E503C006F6950 /* AppDelegate.swift in Sources */ = {isa = PBXBuildFile; fileRef = DD35BE4B291E503C006F6950 /* AppDelegate.swift */; };
		DD35BE4E291E503C006F6950 /* SceneDelegate.swift in Sources */ = {isa = PBXBuildFile; fileRef = DD35BE4D291E503C006F6950 /* SceneDelegate.swift */; };
		DD35BE50291E503C006F6950 /* ViewController.swift in Sources */ = {isa = PBXBuildFile; fileRef = DD35BE4F291E503C006F6950 /* ViewController.swift */; };
		DD35BE53291E503C006F6950 /* Main.storyboard in Resources */ = {isa = PBXBuildFile; fileRef = DD35BE51291E503C006F6950 /* Main.storyboard */; };
		DD35BE55291E5040006F6950 /* Assets.xcassets in Resources */ = {isa = PBXBuildFile; fileRef = DD35BE54291E5040006F6950 /* Assets.xcassets */; };
		DD35BE58291E5040006F6950 /* LaunchScreen.storyboard in Resources */ = {isa = PBXBuildFile; fileRef = DD35BE56291E5040006F6950 /* LaunchScreen.storyboard */; };
		DD35BE63291E8422006F6950 /* Localizable.strings in Resources */ = {isa = PBXBuildFile; fileRef = DD35BE65291E8422006F6950 /* Localizable.strings */; };
		DD507FB1291FB06F008FC8F9 /* CustomUITextField.swift in Sources */ = {isa = PBXBuildFile; fileRef = DD507FB0291FB06F008FC8F9 /* CustomUITextField.swift */; };
		DD507FB3291FB478008FC8F9 /* Constants.swift in Sources */ = {isa = PBXBuildFile; fileRef = DD507FB2291FB478008FC8F9 /* Constants.swift */; };
/* End PBXBuildFile section */

/* Begin PBXFileReference section */
		DD2B3FD62920F5D900C22031 /* BaseViewController.swift */ = {isa = PBXFileReference; lastKnownFileType = sourcecode.swift; path = BaseViewController.swift; sourceTree = "<group>"; };
		DD35BE48291E503C006F6950 /* Irfan Khan S.app */ = {isa = PBXFileReference; explicitFileType = wrapper.application; includeInIndex = 0; path = "Irfan Khan S.app"; sourceTree = BUILT_PRODUCTS_DIR; };
		DD35BE4B291E503C006F6950 /* AppDelegate.swift */ = {isa = PBXFileReference; lastKnownFileType = sourcecode.swift; path = AppDelegate.swift; sourceTree = "<group>"; };
		DD35BE4D291E503C006F6950 /* SceneDelegate.swift */ = {isa = PBXFileReference; lastKnownFileType = sourcecode.swift; path = SceneDelegate.swift; sourceTree = "<group>"; };
		DD35BE4F291E503C006F6950 /* ViewController.swift */ = {isa = PBXFileReference; lastKnownFileType = sourcecode.swift; path = ViewController.swift; sourceTree = "<group>"; };
		DD35BE52291E503C006F6950 /* Base */ = {isa = PBXFileReference; lastKnownFileType = file.storyboard; name = Base; path = Base.lproj/Main.storyboard; sourceTree = "<group>"; };
		DD35BE54291E5040006F6950 /* Assets.xcassets */ = {isa = PBXFileReference; lastKnownFileType = folder.assetcatalog; path = Assets.xcassets; sourceTree = "<group>"; };
		DD35BE57291E5040006F6950 /* Base */ = {isa = PBXFileReference; lastKnownFileType = file.storyboard; name = Base; path = Base.lproj/LaunchScreen.storyboard; sourceTree = "<group>"; };
		DD35BE59291E5040006F6950 /* Info.plist */ = {isa = PBXFileReference; lastKnownFileType = text.plist.xml; path = Info.plist; sourceTree = "<group>"; };
		DD35BE64291E8422006F6950 /* en */ = {isa = PBXFileReference; lastKnownFileType = text.plist.strings; name = en; path = en.lproj/Localizable.strings; sourceTree = "<group>"; };
		DD35BE67291E84C8006F6950 /* hi-IN */ = {isa = PBXFileReference; lastKnownFileType = text.plist.strings; name = "hi-IN"; path = "hi-IN.lproj/Localizable.strings"; sourceTree = "<group>"; };
		DD35BE68291E84EB006F6950 /* kn-IN */ = {isa = PBXFileReference; lastKnownFileType = text.plist.strings; name = "kn-IN"; path = "kn-IN.lproj/Localizable.strings"; sourceTree = "<group>"; };
		DD35BE69291E8509006F6950 /* ur-Arab-IN */ = {isa = PBXFileReference; lastKnownFileType = text.plist.strings; name = "ur-Arab-IN"; path = "ur-Arab-IN.lproj/Localizable.strings"; sourceTree = "<group>"; };
		DD507FB0291FB06F008FC8F9 /* CustomUITextField.swift */ = {isa = PBXFileReference; lastKnownFileType = sourcecode.swift; path = CustomUITextField.swift; sourceTree = "<group>"; };
		DD507FB2291FB478008FC8F9 /* Constants.swift */ = {isa = PBXFileReference; lastKnownFileType = sourcecode.swift; path = Constants.swift; sourceTree = "<group>"; };
/* End PBXFileReference section */

/* Begin PBXFrameworksBuildPhase section */
		DD35BE45291E503C006F6950 /* Frameworks */ = {
			isa = PBXFrameworksBuildPhase;
			buildActionMask = 2147483647;
			files = (
			);
			runOnlyForDeploymentPostprocessing = 0;
		};
/* End PBXFrameworksBuildPhase section */

/* Begin PBXGroup section */
		DD2B3FD32920F46E00C22031 /* base */ = {
			isa = PBXGroup;
			children = (
				DD2B3FD62920F5D900C22031 /* BaseViewController.swift */,
			);
			path = base;
			sourceTree = "<group>";
		};
		DD35BE3F291E503C006F6950 = {
			isa = PBXGroup;
			children = (
				DD35BE4A291E503C006F6950 /* Irfan Khan S */,
				DD35BE49291E503C006F6950 /* Products */,
			);
			sourceTree = "<group>";
		};
		DD35BE49291E503C006F6950 /* Products */ = {
			isa = PBXGroup;
			children = (
				DD35BE48291E503C006F6950 /* Irfan Khan S.app */,
			);
			name = Products;
			sourceTree = "<group>";
		};
		DD35BE4A291E503C006F6950 /* Irfan Khan S */ = {
			isa = PBXGroup;
			children = (
				DD2B3FD32920F46E00C22031 /* base */,
				DD507FAF291FB032008FC8F9 /* utils */,
				DD35BE4B291E503C006F6950 /* AppDelegate.swift */,
				DD35BE4D291E503C006F6950 /* SceneDelegate.swift */,
				DD35BE4F291E503C006F6950 /* ViewController.swift */,
				DD35BE51291E503C006F6950 /* Main.storyboard */,
				DD35BE54291E5040006F6950 /* Assets.xcassets */,
				DD35BE56291E5040006F6950 /* LaunchScreen.storyboard */,
				DD35BE59291E5040006F6950 /* Info.plist */,
				DD35BE65291E8422006F6950 /* Localizable.strings */,
			);
			path = "Irfan Khan S";
			sourceTree = "<group>";
		};
		DD507FAF291FB032008FC8F9 /* utils */ = {
			isa = PBXGroup;
			children = (
				DD507FB0291FB06F008FC8F9 /* CustomUITextField.swift */,
				DD507FB2291FB478008FC8F9 /* Constants.swift */,
			);
			path = utils;
			sourceTree = "<group>";
		};
/* End PBXGroup section */

/* Begin PBXNativeTarget section */
		DD35BE47291E503C006F6950 /* Irfan Khan S */ = {
			isa = PBXNativeTarget;
			buildConfigurationList = DD35BE5C291E5040006F6950 /* Build configuration list for PBXNativeTarget "Irfan Khan S" */;
			buildPhases = (
				DD35BE44291E503C006F6950 /* Sources */,
				DD35BE45291E503C006F6950 /* Frameworks */,
				DD35BE46291E503C006F6950 /* Resources */,
			);
			buildRules = (
			);
			dependencies = (
			);
			name = "Irfan Khan S";
			productName = "Irfan Khan S";
			productReference = DD35BE48291E503C006F6950 /* Irfan Khan S.app */;
			productType = "com.apple.product-type.application";
		};
/* End PBXNativeTarget section */

/* Begin PBXProject section */
		DD35BE40291E503C006F6950 /* Project object */ = {
			isa = PBXProject;
			attributes = {
				BuildIndependentTargetsInParallel = 1;
				LastSwiftUpdateCheck = 1340;
				LastUpgradeCheck = 1340;
				TargetAttributes = {
					DD35BE47291E503C006F6950 = {
						CreatedOnToolsVersion = 13.4;
					};
				};
			};
			buildConfigurationList = DD35BE43291E503C006F6950 /* Build configuration list for PBXProject "Irfan Khan S" */;
			compatibilityVersion = "Xcode 13.0";
			developmentRegion = en;
			hasScannedForEncodings = 0;
			knownRegions = (
				en,
				Base,
				"hi-IN",
				"kn-IN",
				"ur-Arab-IN",
			);
			mainGroup = DD35BE3F291E503C006F6950;
			productRefGroup = DD35BE49291E503C006F6950 /* Products */;
			projectDirPath = "";
			projectRoot = "";
			targets = (
				DD35BE47291E503C006F6950 /* Irfan Khan S */,
			);
		};
/* End PBXProject section */

/* Begin PBXResourcesBuildPhase section */
		DD35BE46291E503C006F6950 /* Resources */ = {
			isa = PBXResourcesBuildPhase;
			buildActionMask = 2147483647;
			files = (
				DD35BE58291E5040006F6950 /* LaunchScreen.storyboard in Resources */,
				DD35BE63291E8422006F6950 /* Localizable.strings in Resources */,
				DD35BE55291E5040006F6950 /* Assets.xcassets in Resources */,
				DD35BE53291E503C006F6950 /* Main.storyboard in Resources */,
			);
			runOnlyForDeploymentPostprocessing = 0;
		};
/* End PBXResourcesBuildPhase section */

/* Begin PBXSourcesBuildPhase section */
		DD35BE44291E503C006F6950 /* Sources */ = {
			isa = PBXSourcesBuildPhase;
			buildActionMask = 2147483647;
			files = (
				DD507FB3291FB478008FC8F9 /* Constants.swift in Sources */,
				DD507FB1291FB06F008FC8F9 /* CustomUITextField.swift in Sources */,
				DD35BE50291E503C006F6950 /* ViewController.swift in Sources */,
				DD35BE4C291E503C006F6950 /* AppDelegate.swift in Sources */,
				DD35BE4E291E503C006F6950 /* SceneDelegate.swift in Sources */,
				DD2B3FD72920F5D900C22031 /* BaseViewController.swift in Sources */,
			);
			runOnlyForDeploymentPostprocessing = 0;
		};
/* End PBXSourcesBuildPhase section */

/* Begin PBXVariantGroup section */
		DD35BE51291E503C006F6950 /* Main.storyboard */ = {
			isa = PBXVariantGroup;
			children = (
				DD35BE52291E503C006F6950 /* Base */,
			);
			name = Main.storyboard;
			sourceTree = "<group>";
		};
		DD35BE56291E5040006F6950 /* LaunchScreen.storyboard */ = {
			isa = PBXVariantGroup;
			children = (
				DD35BE57291E5040006F6950 /* Base */,
			);
			name = LaunchScreen.storyboard;
			sourceTree = "<group>";
		};
		DD35BE65291E8422006F6950 /* Localizable.strings */ = {
			isa = PBXVariantGroup;
			children = (
				DD35BE64291E8422006F6950 /* en */,
				DD35BE67291E84C8006F6950 /* hi-IN */,
				DD35BE68291E84EB006F6950 /* kn-IN */,
				DD35BE69291E8509006F6950 /* ur-Arab-IN */,
			);
			name = Localizable.strings;
			sourceTree = "<group>";
		};
/* End PBXVariantGroup section */

/* Begin XCBuildConfiguration section */
		DD35BE5A291E5040006F6950 /* Debug */ = {
			isa = XCBuildConfiguration;
			buildSettings = {
				ALWAYS_SEARCH_USER_PATHS = NO;
				CLANG_ANALYZER_LOCALIZABILITY_NONLOCALIZED = YES;
				CLANG_ANALYZER_NONNULL = YES;
				CLANG_ANALYZER_NUMBER_OBJECT_CONVERSION = YES_AGGRESSIVE;
				CLANG_CXX_LANGUAGE_STANDARD = "gnu++17";
				CLANG_ENABLE_MODULES = YES;
				CLANG_ENABLE_OBJC_ARC = YES;
				CLANG_ENABLE_OBJC_WEAK = YES;
				CLANG_WARN_BLOCK_CAPTURE_AUTORELEASING = YES;
				CLANG_WARN_BOOL_CONVERSION = YES;
				CLANG_WARN_COMMA = YES;
				CLANG_WARN_CONSTANT_CONVERSION = YES;
				CLANG_WARN_DEPRECATED_OBJC_IMPLEMENTATIONS = YES;
				CLANG_WARN_DIRECT_OBJC_ISA_USAGE = YES_ERROR;
				CLANG_WARN_DOCUMENTATION_COMMENTS = YES;
				CLANG_WARN_EMPTY_BODY = YES;
				CLANG_WARN_ENUM_CONVERSION = YES;
				CLANG_WARN_INFINITE_RECURSION = YES;
				CLANG_WARN_INT_CONVERSION = YES;
				CLANG_WARN_NON_LITERAL_NULL_CONVERSION = YES;
				CLANG_WARN_OBJC_IMPLICIT_RETAIN_SELF = YES;
				CLANG_WARN_OBJC_LITERAL_CONVERSION = YES;
				CLANG_WARN_OBJC_ROOT_CLASS = YES_ERROR;
				CLANG_WARN_QUOTED_INCLUDE_IN_FRAMEWORK_HEADER = YES;
				CLANG_WARN_RANGE_LOOP_ANALYSIS = YES;
				CLANG_WARN_STRICT_PROTOTYPES = YES;
				CLANG_WARN_SUSPICIOUS_MOVE = YES;
				CLANG_WARN_UNGUARDED_AVAILABILITY = YES_AGGRESSIVE;
				CLANG_WARN_UNREACHABLE_CODE = YES;
				CLANG_WARN__DUPLICATE_METHOD_MATCH = YES;
				COPY_PHASE_STRIP = NO;
				DEBUG_INFORMATION_FORMAT = dwarf;
				ENABLE_STRICT_OBJC_MSGSEND = YES;
				ENABLE_TESTABILITY = YES;
				GCC_C_LANGUAGE_STANDARD = gnu11;
				GCC_DYNAMIC_NO_PIC = NO;
				GCC_NO_COMMON_BLOCKS = YES;
				GCC_OPTIMIZATION_LEVEL = 0;
				GCC_PREPROCESSOR_DEFINITIONS = (
					"DEBUG=1",
					"$(inherited)",
				);
				GCC_WARN_64_TO_32_BIT_CONVERSION = YES;
				GCC_WARN_ABOUT_RETURN_TYPE = YES_ERROR;
				GCC_WARN_UNDECLARED_SELECTOR = YES;
				GCC_WARN_UNINITIALIZED_AUTOS = YES_AGGRESSIVE;
				GCC_WARN_UNUSED_FUNCTION = YES;
				GCC_WARN_UNUSED_VARIABLE = YES;
				IPHONEOS_DEPLOYMENT_TARGET = 15.5;
				MTL_ENABLE_DEBUG_INFO = INCLUDE_SOURCE;
				MTL_FAST_MATH = YES;
				ONLY_ACTIVE_ARCH = YES;
				SDKROOT = iphoneos;
				SWIFT_ACTIVE_COMPILATION_CONDITIONS = DEBUG;
				SWIFT_OPTIMIZATION_LEVEL = "-Onone";
			};
			name = Debug;
		};
		DD35BE5B291E5040006F6950 /* Release */ = {
			isa = XCBuildConfiguration;
			buildSettings = {
				ALWAYS_SEARCH_USER_PATHS = NO;
				CLANG_ANALYZER_LOCALIZABILITY_NONLOCALIZED = YES;
				CLANG_ANALYZER_NONNULL = YES;
				CLANG_ANALYZER_NUMBER_OBJECT_CONVERSION = YES_AGGRESSIVE;
				CLANG_CXX_LANGUAGE_STANDARD = "gnu++17";
				CLANG_ENABLE_MODULES = YES;
				CLANG_ENABLE_OBJC_ARC = YES;
				CLANG_ENABLE_OBJC_WEAK = YES;
				CLANG_WARN_BLOCK_CAPTURE_AUTORELEASING = YES;
				CLANG_WARN_BOOL_CONVERSION = YES;
				CLANG_WARN_COMMA = YES;
				CLANG_WARN_CONSTANT_CONVERSION = YES;
				CLANG_WARN_DEPRECATED_OBJC_IMPLEMENTATIONS = YES;
				CLANG_WARN_DIRECT_OBJC_ISA_USAGE = YES_ERROR;
				CLANG_WARN_DOCUMENTATION_COMMENTS = YES;
				CLANG_WARN_EMPTY_BODY = YES;
				CLANG_WARN_ENUM_CONVERSION = YES;
				CLANG_WARN_INFINITE_RECURSION = YES;
				CLANG_WARN_INT_CONVERSION = YES;
				CLANG_WARN_NON_LITERAL_NULL_CONVERSION = YES;
				CLANG_WARN_OBJC_IMPLICIT_RETAIN_SELF = YES;
				CLANG_WARN_OBJC_LITERAL_CONVERSION = YES;
				CLANG_WARN_OBJC_ROOT_CLASS = YES_ERROR;
				CLANG_WARN_QUOTED_INCLUDE_IN_FRAMEWORK_HEADER = YES;
				CLANG_WARN_RANGE_LOOP_ANALYSIS = YES;
				CLANG_WARN_STRICT_PROTOTYPES = YES;
				CLANG_WARN_SUSPICIOUS_MOVE = YES;
				CLANG_WARN_UNGUARDED_AVAILABILITY = YES_AGGRESSIVE;
				CLANG_WARN_UNREACHABLE_CODE = YES;
				CLANG_WARN__DUPLICATE_METHOD_MATCH = YES;
				COPY_PHASE_STRIP = NO;
				DEBUG_INFORMATION_FORMAT = "dwarf-with-dsym";
				ENABLE_NS_ASSERTIONS = NO;
				ENABLE_STRICT_OBJC_MSGSEND = YES;
				GCC_C_LANGUAGE_STANDARD = gnu11;
				GCC_NO_COMMON_BLOCKS = YES;
				GCC_WARN_64_TO_32_BIT_CONVERSION = YES;
				GCC_WARN_ABOUT_RETURN_TYPE = YES_ERROR;
				GCC_WARN_UNDECLARED_SELECTOR = YES;
				GCC_WARN_UNINITIALIZED_AUTOS = YES_AGGRESSIVE;
				GCC_WARN_UNUSED_FUNCTION = YES;
				GCC_WARN_UNUSED_VARIABLE = YES;
				IPHONEOS_DEPLOYMENT_TARGET = 15.5;
				MTL_ENABLE_DEBUG_INFO = NO;
				MTL_FAST_MATH = YES;
				SDKROOT = iphoneos;
				SWIFT_COMPILATION_MODE = wholemodule;
				SWIFT_OPTIMIZATION_LEVEL = "-O";
				VALIDATE_PRODUCT = YES;
			};
			name = Release;
		};
		DD35BE5D291E5040006F6950 /* Debug */ = {
			isa = XCBuildConfiguration;
			buildSettings = {
				ASSETCATALOG_COMPILER_APPICON_NAME = AppIcon;
				ASSETCATALOG_COMPILER_GLOBAL_ACCENT_COLOR_NAME = AccentColor;
				CODE_SIGN_STYLE = Automatic;
				CURRENT_PROJECT_VERSION = 1;
				GENERATE_INFOPLIST_FILE = YES;
				INFOPLIST_FILE = "Irfan Khan S/Info.plist";
				INFOPLIST_KEY_UIApplicationSupportsIndirectInputEvents = YES;
				INFOPLIST_KEY_UILaunchStoryboardName = LaunchScreen;
				INFOPLIST_KEY_UIMainStoryboardFile = Main;
				INFOPLIST_KEY_UISupportedInterfaceOrientations_iPad = "UIInterfaceOrientationPortrait UIInterfaceOrientationPortraitUpsideDown UIInterfaceOrientationLandscapeLeft UIInterfaceOrientationLandscapeRight";
				INFOPLIST_KEY_UISupportedInterfaceOrientations_iPhone = "UIInterfaceOrientationPortrait UIInterfaceOrientationLandscapeLeft UIInterfaceOrientationLandscapeRight";
				LD_RUNPATH_SEARCH_PATHS = (
					"$(inherited)",
					"@executable_path/Frameworks",
				);
				MARKETING_VERSION = 1.0;
				PRODUCT_BUNDLE_IDENTIFIER = "net.Irfan-Khan-S";
				PRODUCT_NAME = "$(TARGET_NAME)";
				SWIFT_EMIT_LOC_STRINGS = YES;
				SWIFT_VERSION = 5.0;
				TARGETED_DEVICE_FAMILY = "1,2";
			};
			name = Debug;
		};
		DD35BE5E291E5040006F6950 /* Release */ = {
			isa = XCBuildConfiguration;
			buildSettings = {
				ASSETCATALOG_COMPILER_APPICON_NAME = AppIcon;
				ASSETCATALOG_COMPILER_GLOBAL_ACCENT_COLOR_NAME = AccentColor;
				CODE_SIGN_STYLE = Automatic;
				CURRENT_PROJECT_VERSION = 1;
				GENERATE_INFOPLIST_FILE = YES;
				INFOPLIST_FILE = "Irfan Khan S/Info.plist";
				INFOPLIST_KEY_UIApplicationSupportsIndirectInputEvents = YES;
				INFOPLIST_KEY_UILaunchStoryboardName = LaunchScreen;
				INFOPLIST_KEY_UIMainStoryboardFile = Main;
				INFOPLIST_KEY_UISupportedInterfaceOrientations_iPad = "UIInterfaceOrientationPortrait UIInterfaceOrientationPortraitUpsideDown UIInterfaceOrientationLandscapeLeft UIInterfaceOrientationLandscapeRight";
				INFOPLIST_KEY_UISupportedInterfaceOrientations_iPhone = "UIInterfaceOrientationPortrait UIInterfaceOrientationLandscapeLeft UIInterfaceOrientationLandscapeRight";
				LD_RUNPATH_SEARCH_PATHS = (
					"$(inherited)",
					"@executable_path/Frameworks",
				);
				MARKETING_VERSION = 1.0;
				PRODUCT_BUNDLE_IDENTIFIER = "net.Irfan-Khan-S";
				PRODUCT_NAME = "$(TARGET_NAME)";
				SWIFT_EMIT_LOC_STRINGS = YES;
				SWIFT_VERSION = 5.0;
				TARGETED_DEVICE_FAMILY = "1,2";
			};
			name = Release;
		};
/* End XCBuildConfiguration section */

/* Begin XCConfigurationList section */
		DD35BE43291E503C006F6950 /* Build configuration list for PBXProject "Irfan Khan S" */ = {
			isa = XCConfigurationList;
			buildConfigurations = (
				DD35BE5A291E5040006F6950 /* Debug */,
				DD35BE5B291E5040006F6950 /* Release */,
			);
			defaultConfigurationIsVisible = 0;
			defaultConfigurationName = Release;
		};
		DD35BE5C291E5040006F6950 /* Build configuration list for PBXNativeTarget "Irfan Khan S" */ = {
			isa = XCConfigurationList;
			buildConfigurations = (
				DD35BE5D291E5040006F6950 /* Debug */,
				DD35BE5E291E5040006F6950 /* Release */,
			);
			defaultConfigurationIsVisible = 0;
			defaultConfigurationName = Release;
		};
/* End XCConfigurationList section */
	};
	rootObject = DD35BE40291E503C006F6950 /* Project object */;
}
