// !$*UTF8*$!
{
	archiveVersion = 1;
	classes = {
	};
	objectVersion = 55;
	objects = {

/* Begin PBXBuildFile section */
		DD1E39D729225420004E10B9 /* MainTabViewController.swift in Sources */ = {isa = PBXBuildFile; fileRef = DD1E39D629225420004E10B9 /* MainTabViewController.swift */; };
		DD35BE4C291E503C006F6950 /* AppDelegate.swift in Sources */ = {isa = PBXBuildFile; fileRef = DD35BE4B291E503C006F6950 /* AppDelegate.swift */; };
		DD35BE4E291E503C006F6950 /* SceneDelegate.swift in Sources */ = {isa = PBXBuildFile; fileRef = DD35BE4D291E503C006F6950 /* SceneDelegate.swift */; };
		DD35BE50291E503C006F6950 /* ViewController.swift in Sources */ = {isa = PBXBuildFile; fileRef = DD35BE4F291E503C006F6950 /* ViewController.swift */; };
		DD35BE53291E503C006F6950 /* Main.storyboard in Resources */ = {isa = PBXBuildFile; fileRef = DD35BE51291E503C006F6950 /* Main.storyboard */; };
		DD35BE55291E5040006F6950 /* Assets.xcassets in Resources */ = {isa = PBXBuildFile; fileRef = DD35BE54291E5040006F6950 /* Assets.xcassets */; };
		DD35BE58291E5040006F6950 /* LaunchScreen.storyboard in Resources */ = {isa = PBXBuildFile; fileRef = DD35BE56291E5040006F6950 /* LaunchScreen.storyboard */; };
		DD35BE63291E8422006F6950 /* Localizable.strings in Resources */ = {isa = PBXBuildFile; fileRef = DD35BE65291E8422006F6950 /* Localizable.strings */; };
		DD3D791F2924D4F300B17382 /* ic_songs.png in Resources */ = {isa = PBXBuildFile; fileRef = DD3D79032924D4F300B17382 /* ic_songs.png */; };
		DD3D79202924D4F300B17382 /* ic_home_pf.png in Resources */ = {isa = PBXBuildFile; fileRef = DD3D79042924D4F300B17382 /* ic_home_pf.png */; };
		DD3D79212924D4F300B17382 /* ic_other_services.png in Resources */ = {isa = PBXBuildFile; fileRef = DD3D79052924D4F300B17382 /* ic_other_services.png */; };
		DD3D79222924D4F300B17382 /* ic_home_sbi.png in Resources */ = {isa = PBXBuildFile; fileRef = DD3D79062924D4F300B17382 /* ic_home_sbi.png */; };
		DD3D79232924D4F300B17382 /* ic_home_sms.png in Resources */ = {isa = PBXBuildFile; fileRef = DD3D79072924D4F300B17382 /* ic_home_sms.png */; };
		DD3D79242924D4F300B17382 /* ic_home_zerodha.png in Resources */ = {isa = PBXBuildFile; fileRef = DD3D79082924D4F300B17382 /* ic_home_zerodha.png */; };
		DD3D79252924D4F300B17382 /* ic_contacts.png in Resources */ = {isa = PBXBuildFile; fileRef = DD3D79092924D4F300B17382 /* ic_contacts.png */; };
		DD3D79262924D4F300B17382 /* ic_compiler.png in Resources */ = {isa = PBXBuildFile; fileRef = DD3D790A2924D4F300B17382 /* ic_compiler.png */; };
		DD3D79272924D4F300B17382 /* ic_home_fast_tag.png in Resources */ = {isa = PBXBuildFile; fileRef = DD3D790B2924D4F300B17382 /* ic_home_fast_tag.png */; };
		DD3D79282924D4F300B17382 /* ic_home_paytm.png in Resources */ = {isa = PBXBuildFile; fileRef = DD3D790C2924D4F300B17382 /* ic_home_paytm.png */; };
		DD3D79292924D4F300B17382 /* ic_scanner.png in Resources */ = {isa = PBXBuildFile; fileRef = DD3D790D2924D4F300B17382 /* ic_scanner.png */; };
		DD3D792A2924D4F300B17382 /* ic_home_interview_qa.png in Resources */ = {isa = PBXBuildFile; fileRef = DD3D790E2924D4F300B17382 /* ic_home_interview_qa.png */; };
		DD3D792B2924D4F300B17382 /* ic_home_logout.png in Resources */ = {isa = PBXBuildFile; fileRef = DD3D790F2924D4F300B17382 /* ic_home_logout.png */; };
		DD3D792C2924D4F300B17382 /* ic_home_phonepe.png in Resources */ = {isa = PBXBuildFile; fileRef = DD3D79102924D4F300B17382 /* ic_home_phonepe.png */; };
		DD3D792D2924D4F300B17382 /* ic_home_education.png in Resources */ = {isa = PBXBuildFile; fileRef = DD3D79112924D4F300B17382 /* ic_home_education.png */; };
		DD3D792E2924D4F300B17382 /* ic_home_view_resume.png in Resources */ = {isa = PBXBuildFile; fileRef = DD3D79122924D4F300B17382 /* ic_home_view_resume.png */; };
		DD3D792F2924D4F300B17382 /* ic_payment_reminders.png in Resources */ = {isa = PBXBuildFile; fileRef = DD3D79132924D4F300B17382 /* ic_payment_reminders.png */; };
		DD3D79302924D4F300B17382 /* ic_home_credit_card.png in Resources */ = {isa = PBXBuildFile; fileRef = DD3D79142924D4F300B17382 /* ic_home_credit_card.png */; };
		DD3D79312924D4F300B17382 /* ic_home_accounts_home.png in Resources */ = {isa = PBXBuildFile; fileRef = DD3D79152924D4F300B17382 /* ic_home_accounts_home.png */; };
		DD3D79322924D4F300B17382 /* ic_wireless_media.png in Resources */ = {isa = PBXBuildFile; fileRef = DD3D79162924D4F300B17382 /* ic_wireless_media.png */; };
		DD3D79332924D4F300B17382 /* ic_home_send_resume.png in Resources */ = {isa = PBXBuildFile; fileRef = DD3D79172924D4F300B17382 /* ic_home_send_resume.png */; };
		DD3D79342924D4F300B17382 /* ic_home_notes.png in Resources */ = {isa = PBXBuildFile; fileRef = DD3D79182924D4F300B17382 /* ic_home_notes.png */; };
		DD3D79352924D4F300B17382 /* ic_home_security.png in Resources */ = {isa = PBXBuildFile; fileRef = DD3D79192924D4F300B17382 /* ic_home_security.png */; };
		DD3D79362924D4F300B17382 /* ic_app_usage.png in Resources */ = {isa = PBXBuildFile; fileRef = DD3D791A2924D4F300B17382 /* ic_app_usage.png */; };
		DD3D79372924D4F300B17382 /* ic_home_icici.png in Resources */ = {isa = PBXBuildFile; fileRef = DD3D791B2924D4F300B17382 /* ic_home_icici.png */; };
		DD3D79382924D4F300B17382 /* ic_home_amazon_pay.png in Resources */ = {isa = PBXBuildFile; fileRef = DD3D791C2924D4F300B17382 /* ic_home_amazon_pay.png */; };
		DD3D79392924D4F300B17382 /* ic_home_social_media.png in Resources */ = {isa = PBXBuildFile; fileRef = DD3D791D2924D4F300B17382 /* ic_home_social_media.png */; };
		DD3D793A2924D4F300B17382 /* ic_dialy_workouts.png in Resources */ = {isa = PBXBuildFile; fileRef = DD3D791E2924D4F300B17382 /* ic_dialy_workouts.png */; };
		DD507FB1291FB06F008FC8F9 /* CustomUITextField.swift in Sources */ = {isa = PBXBuildFile; fileRef = DD507FB0291FB06F008FC8F9 /* CustomUITextField.swift */; };
		DD507FB3291FB478008FC8F9 /* Constants.swift in Sources */ = {isa = PBXBuildFile; fileRef = DD507FB2291FB478008FC8F9 /* Constants.swift */; };
		DD913E4C293F7B7200437A4B /* HomeItems.swift in Sources */ = {isa = PBXBuildFile; fileRef = DD913E4B293F7B7200437A4B /* HomeItems.swift */; };
		DDD88C5A29266FDA003B3BD2 /* HomeViewController.swift in Sources */ = {isa = PBXBuildFile; fileRef = DDD88C5929266FDA003B3BD2 /* HomeViewController.swift */; };
		DDD88C5D29267056003B3BD2 /* HomeCollectionViewCell.swift in Sources */ = {isa = PBXBuildFile; fileRef = DDD88C5B29267056003B3BD2 /* HomeCollectionViewCell.swift */; };
		DDD88C5E29267056003B3BD2 /* HomeCollectionViewCell.xib in Resources */ = {isa = PBXBuildFile; fileRef = DDD88C5C29267056003B3BD2 /* HomeCollectionViewCell.xib */; };
/* End PBXBuildFile section */

/* Begin PBXFileReference section */
		DD1E39D629225420004E10B9 /* MainTabViewController.swift */ = {isa = PBXFileReference; lastKnownFileType = sourcecode.swift; path = MainTabViewController.swift; sourceTree = "<group>"; };
		DD35BE48291E503C006F6950 /* Irfan Khan S.app */ = {isa = PBXFileReference; explicitFileType = wrapper.application; includeInIndex = 0; path = "Irfan Khan S.app"; sourceTree = BUILT_PRODUCTS_DIR; };
		DD35BE4B291E503C006F6950 /* AppDelegate.swift */ = {isa = PBXFileReference; lastKnownFileType = sourcecode.swift; path = AppDelegate.swift; sourceTree = "<group>"; };
		DD35BE4D291E503C006F6950 /* SceneDelegate.swift */ = {isa = PBXFileReference; lastKnownFileType = sourcecode.swift; path = SceneDelegate.swift; sourceTree = "<group>"; };
		DD35BE4F291E503C006F6950 /* ViewController.swift */ = {isa = PBXFileReference; lastKnownFileType = sourcecode.swift; path = ViewController.swift; sourceTree = "<group>"; };
		DD35BE52291E503C006F6950 /* Base */ = {isa = PBXFileReference; lastKnownFileType = file.storyboard; name = Base; path = Base.lproj/Main.storyboard; sourceTree = "<group>"; };
		DD35BE54291E5040006F6950 /* Assets.xcassets */ = {isa = PBXFileReference; lastKnownFileType = folder.assetcatalog; path = Assets.xcassets; sourceTree = "<group>"; };
		DD35BE57291E5040006F6950 /* Base */ = {isa = PBXFileReference; lastKnownFileType = file.storyboard; name = Base; path = Base.lproj/LaunchScreen.storyboard; sourceTree = "<group>"; };
		DD35BE59291E5040006F6950 /* Info.plist */ = {isa = PBXFileReference; lastKnownFileType = text.plist.xml; path = Info.plist; sourceTree = "<group>"; };
		DD35BE64291E8422006F6950 /* en */ = {isa = PBXFileReference; lastKnownFileType = text.plist.strings; name = en; path = en.lproj/Localizable.strings; sourceTree = "<group>"; };
		DD35BE67291E84C8006F6950 /* hi-IN */ = {isa = PBXFileReference; lastKnownFileType = text.plist.strings; name = "hi-IN"; path = "hi-IN.lproj/Localizable.strings"; sourceTree = "<group>"; };
		DD35BE68291E84EB006F6950 /* kn-IN */ = {isa = PBXFileReference; lastKnownFileType = text.plist.strings; name = "kn-IN"; path = "kn-IN.lproj/Localizable.strings"; sourceTree = "<group>"; };
		DD35BE69291E8509006F6950 /* ur-Arab-IN */ = {isa = PBXFileReference; lastKnownFileType = text.plist.strings; name = "ur-Arab-IN"; path = "ur-Arab-IN.lproj/Localizable.strings"; sourceTree = "<group>"; };
		DD3D79032924D4F300B17382 /* ic_songs.png */ = {isa = PBXFileReference; lastKnownFileType = image.png; path = ic_songs.png; sourceTree = "<group>"; };
		DD3D79042924D4F300B17382 /* ic_home_pf.png */ = {isa = PBXFileReference; lastKnownFileType = image.png; path = ic_home_pf.png; sourceTree = "<group>"; };
		DD3D79052924D4F300B17382 /* ic_other_services.png */ = {isa = PBXFileReference; lastKnownFileType = image.png; path = ic_other_services.png; sourceTree = "<group>"; };
		DD3D79062924D4F300B17382 /* ic_home_sbi.png */ = {isa = PBXFileReference; lastKnownFileType = image.png; path = ic_home_sbi.png; sourceTree = "<group>"; };
		DD3D79072924D4F300B17382 /* ic_home_sms.png */ = {isa = PBXFileReference; lastKnownFileType = image.png; path = ic_home_sms.png; sourceTree = "<group>"; };
		DD3D79082924D4F300B17382 /* ic_home_zerodha.png */ = {isa = PBXFileReference; lastKnownFileType = image.png; path = ic_home_zerodha.png; sourceTree = "<group>"; };
		DD3D79092924D4F300B17382 /* ic_contacts.png */ = {isa = PBXFileReference; lastKnownFileType = image.png; path = ic_contacts.png; sourceTree = "<group>"; };
		DD3D790A2924D4F300B17382 /* ic_compiler.png */ = {isa = PBXFileReference; lastKnownFileType = image.png; path = ic_compiler.png; sourceTree = "<group>"; };
		DD3D790B2924D4F300B17382 /* ic_home_fast_tag.png */ = {isa = PBXFileReference; lastKnownFileType = image.png; path = ic_home_fast_tag.png; sourceTree = "<group>"; };
		DD3D790C2924D4F300B17382 /* ic_home_paytm.png */ = {isa = PBXFileReference; lastKnownFileType = image.png; path = ic_home_paytm.png; sourceTree = "<group>"; };
		DD3D790D2924D4F300B17382 /* ic_scanner.png */ = {isa = PBXFileReference; lastKnownFileType = image.png; path = ic_scanner.png; sourceTree = "<group>"; };
		DD3D790E2924D4F300B17382 /* ic_home_interview_qa.png */ = {isa = PBXFileReference; lastKnownFileType = image.png; path = ic_home_interview_qa.png; sourceTree = "<group>"; };
		DD3D790F2924D4F300B17382 /* ic_home_logout.png */ = {isa = PBXFileReference; lastKnownFileType = image.png; path = ic_home_logout.png; sourceTree = "<group>"; };
		DD3D79102924D4F300B17382 /* ic_home_phonepe.png */ = {isa = PBXFileReference; lastKnownFileType = image.png; path = ic_home_phonepe.png; sourceTree = "<group>"; };
		DD3D79112924D4F300B17382 /* ic_home_education.png */ = {isa = PBXFileReference; lastKnownFileType = image.png; path = ic_home_education.png; sourceTree = "<group>"; };
		DD3D79122924D4F300B17382 /* ic_home_view_resume.png */ = {isa = PBXFileReference; lastKnownFileType = image.png; path = ic_home_view_resume.png; sourceTree = "<group>"; };
		DD3D79132924D4F300B17382 /* ic_payment_reminders.png */ = {isa = PBXFileReference; lastKnownFileType = image.png; path = ic_payment_reminders.png; sourceTree = "<group>"; };
		DD3D79142924D4F300B17382 /* ic_home_credit_card.png */ = {isa = PBXFileReference; lastKnownFileType = image.png; path = ic_home_credit_card.png; sourceTree = "<group>"; };
		DD3D79152924D4F300B17382 /* ic_home_accounts_home.png */ = {isa = PBXFileReference; lastKnownFileType = image.png; path = ic_home_accounts_home.png; sourceTree = "<group>"; };
		DD3D79162924D4F300B17382 /* ic_wireless_media.png */ = {isa = PBXFileReference; lastKnownFileType = image.png; path = ic_wireless_media.png; sourceTree = "<group>"; };
		DD3D79172924D4F300B17382 /* ic_home_send_resume.png */ = {isa = PBXFileReference; lastKnownFileType = image.png; path = ic_home_send_resume.png; sourceTree = "<group>"; };
		DD3D79182924D4F300B17382 /* ic_home_notes.png */ = {isa = PBXFileReference; lastKnownFileType = image.png; path = ic_home_notes.png; sourceTree = "<group>"; };
		DD3D79192924D4F300B17382 /* ic_home_security.png */ = {isa = PBXFileReference; lastKnownFileType = image.png; path = ic_home_security.png; sourceTree = "<group>"; };
		DD3D791A2924D4F300B17382 /* ic_app_usage.png */ = {isa = PBXFileReference; lastKnownFileType = image.png; path = ic_app_usage.png; sourceTree = "<group>"; };
		DD3D791B2924D4F300B17382 /* ic_home_icici.png */ = {isa = PBXFileReference; lastKnownFileType = image.png; path = ic_home_icici.png; sourceTree = "<group>"; };
		DD3D791C2924D4F300B17382 /* ic_home_amazon_pay.png */ = {isa = PBXFileReference; lastKnownFileType = image.png; path = ic_home_amazon_pay.png; sourceTree = "<group>"; };
		DD3D791D2924D4F300B17382 /* ic_home_social_media.png */ = {isa = PBXFileReference; lastKnownFileType = image.png; path = ic_home_social_media.png; sourceTree = "<group>"; };
		DD3D791E2924D4F300B17382 /* ic_dialy_workouts.png */ = {isa = PBXFileReference; lastKnownFileType = image.png; path = ic_dialy_workouts.png; sourceTree = "<group>"; };
		DD507FB0291FB06F008FC8F9 /* CustomUITextField.swift */ = {isa = PBXFileReference; lastKnownFileType = sourcecode.swift; path = CustomUITextField.swift; sourceTree = "<group>"; };
		DD507FB2291FB478008FC8F9 /* Constants.swift */ = {isa = PBXFileReference; lastKnownFileType = sourcecode.swift; path = Constants.swift; sourceTree = "<group>"; };
		DD913E4B293F7B7200437A4B /* HomeItems.swift */ = {isa = PBXFileReference; lastKnownFileType = sourcecode.swift; path = HomeItems.swift; sourceTree = "<group>"; };
		DDD88C5929266FDA003B3BD2 /* HomeViewController.swift */ = {isa = PBXFileReference; lastKnownFileType = sourcecode.swift; path = HomeViewController.swift; sourceTree = "<group>"; };
		DDD88C5B29267056003B3BD2 /* HomeCollectionViewCell.swift */ = {isa = PBXFileReference; lastKnownFileType = sourcecode.swift; path = HomeCollectionViewCell.swift; sourceTree = "<group>"; };
		DDD88C5C29267056003B3BD2 /* HomeCollectionViewCell.xib */ = {isa = PBXFileReference; lastKnownFileType = file.xib; path = HomeCollectionViewCell.xib; sourceTree = "<group>"; };
/* End PBXFileReference section */

/* Begin PBXFrameworksBuildPhase section */
		DD35BE45291E503C006F6950 /* Frameworks */ = {
			isa = PBXFrameworksBuildPhase;
			buildActionMask = 2147483647;
			files = (
			);
			runOnlyForDeploymentPostprocessing = 0;
		};
/* End PBXFrameworksBuildPhase section */

/* Begin PBXGroup section */
		DD2B3FD32920F46E00C22031 /* base */ = {
			isa = PBXGroup;
			children = (
				DDD88C5829266FC4003B3BD2 /* views */,
				DD1E39D629225420004E10B9 /* MainTabViewController.swift */,
			);
			path = base;
			sourceTree = "<group>";
		};
		DD35BE3F291E503C006F6950 = {
			isa = PBXGroup;
			children = (
				DD35BE4A291E503C006F6950 /* Irfan Khan S */,
				DD35BE49291E503C006F6950 /* Products */,
			);
			sourceTree = "<group>";
		};
		DD35BE49291E503C006F6950 /* Products */ = {
			isa = PBXGroup;
			children = (
				DD35BE48291E503C006F6950 /* Irfan Khan S.app */,
			);
			name = Products;
			sourceTree = "<group>";
		};
		DD35BE4A291E503C006F6950 /* Irfan Khan S */ = {
			isa = PBXGroup;
			children = (
				DD62138D2927A959001F2972 /* model */,
				DDD88C5729266FBC003B3BD2 /* adapters */,
				DD2B3FD32920F46E00C22031 /* base */,
				DD507FAF291FB032008FC8F9 /* utils */,
				DD35BE4B291E503C006F6950 /* AppDelegate.swift */,
				DD35BE4D291E503C006F6950 /* SceneDelegate.swift */,
				DD35BE4F291E503C006F6950 /* ViewController.swift */,
				DD35BE51291E503C006F6950 /* Main.storyboard */,
				DD35BE54291E5040006F6950 /* Assets.xcassets */,
				DD3D79022924D4F300B17382 /* home */,
				DD35BE56291E5040006F6950 /* LaunchScreen.storyboard */,
				DD35BE59291E5040006F6950 /* Info.plist */,
				DD35BE65291E8422006F6950 /* Localizable.strings */,
			);
			path = "Irfan Khan S";
			sourceTree = "<group>";
		};
		DD3D79022924D4F300B17382 /* home */ = {
			isa = PBXGroup;
			children = (
				DD3D79032924D4F300B17382 /* ic_songs.png */,
				DD3D79042924D4F300B17382 /* ic_home_pf.png */,
				DD3D79052924D4F300B17382 /* ic_other_services.png */,
				DD3D79062924D4F300B17382 /* ic_home_sbi.png */,
				DD3D79072924D4F300B17382 /* ic_home_sms.png */,
				DD3D79082924D4F300B17382 /* ic_home_zerodha.png */,
				DD3D79092924D4F300B17382 /* ic_contacts.png */,
				DD3D790A2924D4F300B17382 /* ic_compiler.png */,
				DD3D790B2924D4F300B17382 /* ic_home_fast_tag.png */,
				DD3D790C2924D4F300B17382 /* ic_home_paytm.png */,
				DD3D790D2924D4F300B17382 /* ic_scanner.png */,
				DD3D790E2924D4F300B17382 /* ic_home_interview_qa.png */,
				DD3D790F2924D4F300B17382 /* ic_home_logout.png */,
				DD3D79102924D4F300B17382 /* ic_home_phonepe.png */,
				DD3D79112924D4F300B17382 /* ic_home_education.png */,
				DD3D79122924D4F300B17382 /* ic_home_view_resume.png */,
				DD3D79132924D4F300B17382 /* ic_payment_reminders.png */,
				DD3D79142924D4F300B17382 /* ic_home_credit_card.png */,
				DD3D79152924D4F300B17382 /* ic_home_accounts_home.png */,
				DD3D79162924D4F300B17382 /* ic_wireless_media.png */,
				DD3D79172924D4F300B17382 /* ic_home_send_resume.png */,
				DD3D79182924D4F300B17382 /* ic_home_notes.png */,
				DD3D79192924D4F300B17382 /* ic_home_security.png */,
				DD3D791A2924D4F300B17382 /* ic_app_usage.png */,
				DD3D791B2924D4F300B17382 /* ic_home_icici.png */,
				DD3D791C2924D4F300B17382 /* ic_home_amazon_pay.png */,
				DD3D791D2924D4F300B17382 /* ic_home_social_media.png */,
				DD3D791E2924D4F300B17382 /* ic_dialy_workouts.png */,
			);
			path = home;
			sourceTree = "<group>";
		};
		DD507FAF291FB032008FC8F9 /* utils */ = {
			isa = PBXGroup;
			children = (
				DD507FB0291FB06F008FC8F9 /* CustomUITextField.swift */,
				DD507FB2291FB478008FC8F9 /* Constants.swift */,
			);
			path = utils;
			sourceTree = "<group>";
		};
		DD62138D2927A959001F2972 /* model */ = {
			isa = PBXGroup;
			children = (
				DD913E4B293F7B7200437A4B /* HomeItems.swift */,
			);
			path = model;
			sourceTree = "<group>";
		};
		DDD88C5729266FBC003B3BD2 /* adapters */ = {
			isa = PBXGroup;
			children = (
				DDD88C5B29267056003B3BD2 /* HomeCollectionViewCell.swift */,
				DDD88C5C29267056003B3BD2 /* HomeCollectionViewCell.xib */,
			);
			path = adapters;
			sourceTree = "<group>";
		};
		DDD88C5829266FC4003B3BD2 /* views */ = {
			isa = PBXGroup;
			children = (
				DDD88C5929266FDA003B3BD2 /* HomeViewController.swift */,
			);
			path = views;
			sourceTree = "<group>";
		};
/* End PBXGroup section */

/* Begin PBXNativeTarget section */
		DD35BE47291E503C006F6950 /* Irfan Khan S */ = {
			isa = PBXNativeTarget;
			buildConfigurationList = DD35BE5C291E5040006F6950 /* Build configuration list for PBXNativeTarget "Irfan Khan S" */;
			buildPhases = (
				DD35BE44291E503C006F6950 /* Sources */,
				DD35BE45291E503C006F6950 /* Frameworks */,
				DD35BE46291E503C006F6950 /* Resources */,
			);
			buildRules = (
			);
			dependencies = (
			);
			name = "Irfan Khan S";
			productName = "Irfan Khan S";
			productReference = DD35BE48291E503C006F6950 /* Irfan Khan S.app */;
			productType = "com.apple.product-type.application";
		};
/* End PBXNativeTarget section */

/* Begin PBXProject section */
		DD35BE40291E503C006F6950 /* Project object */ = {
			isa = PBXProject;
			attributes = {
				BuildIndependentTargetsInParallel = 1;
				LastSwiftUpdateCheck = 1340;
				LastUpgradeCheck = 1340;
				TargetAttributes = {
					DD35BE47291E503C006F6950 = {
						CreatedOnToolsVersion = 13.4;
					};
				};
			};
			buildConfigurationList = DD35BE43291E503C006F6950 /* Build configuration list for PBXProject "Irfan Khan S" */;
			compatibilityVersion = "Xcode 13.0";
			developmentRegion = en;
			hasScannedForEncodings = 0;
			knownRegions = (
				en,
				Base,
				"hi-IN",
				"kn-IN",
				"ur-Arab-IN",
			);
			mainGroup = DD35BE3F291E503C006F6950;
			productRefGroup = DD35BE49291E503C006F6950 /* Products */;
			projectDirPath = "";
			projectRoot = "";
			targets = (
				DD35BE47291E503C006F6950 /* Irfan Khan S */,
			);
		};
/* End PBXProject section */

/* Begin PBXResourcesBuildPhase section */
		DD35BE46291E503C006F6950 /* Resources */ = {
			isa = PBXResourcesBuildPhase;
			buildActionMask = 2147483647;
			files = (
				DD3D79282924D4F300B17382 /* ic_home_paytm.png in Resources */,
				DD35BE58291E5040006F6950 /* LaunchScreen.storyboard in Resources */,
				DD3D79372924D4F300B17382 /* ic_home_icici.png in Resources */,
				DD3D79342924D4F300B17382 /* ic_home_notes.png in Resources */,
				DD3D79232924D4F300B17382 /* ic_home_sms.png in Resources */,
				DD3D792D2924D4F300B17382 /* ic_home_education.png in Resources */,
				DD35BE63291E8422006F6950 /* Localizable.strings in Resources */,
				DD3D79202924D4F300B17382 /* ic_home_pf.png in Resources */,
				DD3D792F2924D4F300B17382 /* ic_payment_reminders.png in Resources */,
				DD3D79262924D4F300B17382 /* ic_compiler.png in Resources */,
				DD3D79322924D4F300B17382 /* ic_wireless_media.png in Resources */,
				DD3D79222924D4F300B17382 /* ic_home_sbi.png in Resources */,
				DD35BE55291E5040006F6950 /* Assets.xcassets in Resources */,
				DD3D79332924D4F300B17382 /* ic_home_send_resume.png in Resources */,
				DD3D792C2924D4F300B17382 /* ic_home_phonepe.png in Resources */,
				DD3D79272924D4F300B17382 /* ic_home_fast_tag.png in Resources */,
				DD3D79362924D4F300B17382 /* ic_app_usage.png in Resources */,
				DD3D79382924D4F300B17382 /* ic_home_amazon_pay.png in Resources */,
				DD3D79252924D4F300B17382 /* ic_contacts.png in Resources */,
				DDD88C5E29267056003B3BD2 /* HomeCollectionViewCell.xib in Resources */,
				DD3D793A2924D4F300B17382 /* ic_dialy_workouts.png in Resources */,
				DD3D792E2924D4F300B17382 /* ic_home_view_resume.png in Resources */,
				DD3D79352924D4F300B17382 /* ic_home_security.png in Resources */,
				DD3D79242924D4F300B17382 /* ic_home_zerodha.png in Resources */,
				DD35BE53291E503C006F6950 /* Main.storyboard in Resources */,
				DD3D792A2924D4F300B17382 /* ic_home_interview_qa.png in Resources */,
				DD3D79302924D4F300B17382 /* ic_home_credit_card.png in Resources */,
				DD3D79212924D4F300B17382 /* ic_other_services.png in Resources */,
				DD3D79392924D4F300B17382 /* ic_home_social_media.png in Resources */,
				DD3D792B2924D4F300B17382 /* ic_home_logout.png in Resources */,
				DD3D79292924D4F300B17382 /* ic_scanner.png in Resources */,
				DD3D791F2924D4F300B17382 /* ic_songs.png in Resources */,
				DD3D79312924D4F300B17382 /* ic_home_accounts_home.png in Resources */,
			);
			runOnlyForDeploymentPostprocessing = 0;
		};
/* End PBXResourcesBuildPhase section */

/* Begin PBXSourcesBuildPhase section */
		DD35BE44291E503C006F6950 /* Sources */ = {
			isa = PBXSourcesBuildPhase;
			buildActionMask = 2147483647;
			files = (
				DD507FB3291FB478008FC8F9 /* Constants.swift in Sources */,
				DD507FB1291FB06F008FC8F9 /* CustomUITextField.swift in Sources */,
				DD35BE50291E503C006F6950 /* ViewController.swift in Sources */,
				DDD88C5A29266FDA003B3BD2 /* HomeViewController.swift in Sources */,
				DD35BE4C291E503C006F6950 /* AppDelegate.swift in Sources */,
				DD913E4C293F7B7200437A4B /* HomeItems.swift in Sources */,
				DDD88C5D29267056003B3BD2 /* HomeCollectionViewCell.swift in Sources */,
				DD35BE4E291E503C006F6950 /* SceneDelegate.swift in Sources */,
				DD1E39D729225420004E10B9 /* MainTabViewController.swift in Sources */,
			);
			runOnlyForDeploymentPostprocessing = 0;
		};
/* End PBXSourcesBuildPhase section */

/* Begin PBXVariantGroup section */
		DD35BE51291E503C006F6950 /* Main.storyboard */ = {
			isa = PBXVariantGroup;
			children = (
				DD35BE52291E503C006F6950 /* Base */,
			);
			name = Main.storyboard;
			sourceTree = "<group>";
		};
		DD35BE56291E5040006F6950 /* LaunchScreen.storyboard */ = {
			isa = PBXVariantGroup;
			children = (
				DD35BE57291E5040006F6950 /* Base */,
			);
			name = LaunchScreen.storyboard;
			sourceTree = "<group>";
		};
		DD35BE65291E8422006F6950 /* Localizable.strings */ = {
			isa = PBXVariantGroup;
			children = (
				DD35BE64291E8422006F6950 /* en */,
				DD35BE67291E84C8006F6950 /* hi-IN */,
				DD35BE68291E84EB006F6950 /* kn-IN */,
				DD35BE69291E8509006F6950 /* ur-Arab-IN */,
			);
			name = Localizable.strings;
			sourceTree = "<group>";
		};
/* End PBXVariantGroup section */

/* Begin XCBuildConfiguration section */
		DD35BE5A291E5040006F6950 /* Debug */ = {
			isa = XCBuildConfiguration;
			buildSettings = {
				ALWAYS_SEARCH_USER_PATHS = NO;
				CLANG_ANALYZER_LOCALIZABILITY_NONLOCALIZED = YES;
				CLANG_ANALYZER_NONNULL = YES;
				CLANG_ANALYZER_NUMBER_OBJECT_CONVERSION = YES_AGGRESSIVE;
				CLANG_CXX_LANGUAGE_STANDARD = "gnu++17";
				CLANG_ENABLE_MODULES = YES;
				CLANG_ENABLE_OBJC_ARC = YES;
				CLANG_ENABLE_OBJC_WEAK = YES;
				CLANG_WARN_BLOCK_CAPTURE_AUTORELEASING = YES;
				CLANG_WARN_BOOL_CONVERSION = YES;
				CLANG_WARN_COMMA = YES;
				CLANG_WARN_CONSTANT_CONVERSION = YES;
				CLANG_WARN_DEPRECATED_OBJC_IMPLEMENTATIONS = YES;
				CLANG_WARN_DIRECT_OBJC_ISA_USAGE = YES_ERROR;
				CLANG_WARN_DOCUMENTATION_COMMENTS = YES;
				CLANG_WARN_EMPTY_BODY = YES;
				CLANG_WARN_ENUM_CONVERSION = YES;
				CLANG_WARN_INFINITE_RECURSION = YES;
				CLANG_WARN_INT_CONVERSION = YES;
				CLANG_WARN_NON_LITERAL_NULL_CONVERSION = YES;
				CLANG_WARN_OBJC_IMPLICIT_RETAIN_SELF = YES;
				CLANG_WARN_OBJC_LITERAL_CONVERSION = YES;
				CLANG_WARN_OBJC_ROOT_CLASS = YES_ERROR;
				CLANG_WARN_QUOTED_INCLUDE_IN_FRAMEWORK_HEADER = YES;
				CLANG_WARN_RANGE_LOOP_ANALYSIS = YES;
				CLANG_WARN_STRICT_PROTOTYPES = YES;
				CLANG_WARN_SUSPICIOUS_MOVE = YES;
				CLANG_WARN_UNGUARDED_AVAILABILITY = YES_AGGRESSIVE;
				CLANG_WARN_UNREACHABLE_CODE = YES;
				CLANG_WARN__DUPLICATE_METHOD_MATCH = YES;
				COPY_PHASE_STRIP = NO;
				DEBUG_INFORMATION_FORMAT = dwarf;
				ENABLE_STRICT_OBJC_MSGSEND = YES;
				ENABLE_TESTABILITY = YES;
				GCC_C_LANGUAGE_STANDARD = gnu11;
				GCC_DYNAMIC_NO_PIC = NO;
				GCC_NO_COMMON_BLOCKS = YES;
				GCC_OPTIMIZATION_LEVEL = 0;
				GCC_PREPROCESSOR_DEFINITIONS = (
					"DEBUG=1",
					"$(inherited)",
				);
				GCC_WARN_64_TO_32_BIT_CONVERSION = YES;
				GCC_WARN_ABOUT_RETURN_TYPE = YES_ERROR;
				GCC_WARN_UNDECLARED_SELECTOR = YES;
				GCC_WARN_UNINITIALIZED_AUTOS = YES_AGGRESSIVE;
				GCC_WARN_UNUSED_FUNCTION = YES;
				GCC_WARN_UNUSED_VARIABLE = YES;
				IPHONEOS_DEPLOYMENT_TARGET = 15.5;
				MTL_ENABLE_DEBUG_INFO = INCLUDE_SOURCE;
				MTL_FAST_MATH = YES;
				ONLY_ACTIVE_ARCH = YES;
				SDKROOT = iphoneos;
				SWIFT_ACTIVE_COMPILATION_CONDITIONS = DEBUG;
				SWIFT_OPTIMIZATION_LEVEL = "-Onone";
			};
			name = Debug;
		};
		DD35BE5B291E5040006F6950 /* Release */ = {
			isa = XCBuildConfiguration;
			buildSettings = {
				ALWAYS_SEARCH_USER_PATHS = NO;
				CLANG_ANALYZER_LOCALIZABILITY_NONLOCALIZED = YES;
				CLANG_ANALYZER_NONNULL = YES;
				CLANG_ANALYZER_NUMBER_OBJECT_CONVERSION = YES_AGGRESSIVE;
				CLANG_CXX_LANGUAGE_STANDARD = "gnu++17";
				CLANG_ENABLE_MODULES = YES;
				CLANG_ENABLE_OBJC_ARC = YES;
				CLANG_ENABLE_OBJC_WEAK = YES;
				CLANG_WARN_BLOCK_CAPTURE_AUTORELEASING = YES;
				CLANG_WARN_BOOL_CONVERSION = YES;
				CLANG_WARN_COMMA = YES;
				CLANG_WARN_CONSTANT_CONVERSION = YES;
				CLANG_WARN_DEPRECATED_OBJC_IMPLEMENTATIONS = YES;
				CLANG_WARN_DIRECT_OBJC_ISA_USAGE = YES_ERROR;
				CLANG_WARN_DOCUMENTATION_COMMENTS = YES;
				CLANG_WARN_EMPTY_BODY = YES;
				CLANG_WARN_ENUM_CONVERSION = YES;
				CLANG_WARN_INFINITE_RECURSION = YES;
				CLANG_WARN_INT_CONVERSION = YES;
				CLANG_WARN_NON_LITERAL_NULL_CONVERSION = YES;
				CLANG_WARN_OBJC_IMPLICIT_RETAIN_SELF = YES;
				CLANG_WARN_OBJC_LITERAL_CONVERSION = YES;
				CLANG_WARN_OBJC_ROOT_CLASS = YES_ERROR;
				CLANG_WARN_QUOTED_INCLUDE_IN_FRAMEWORK_HEADER = YES;
				CLANG_WARN_RANGE_LOOP_ANALYSIS = YES;
				CLANG_WARN_STRICT_PROTOTYPES = YES;
				CLANG_WARN_SUSPICIOUS_MOVE = YES;
				CLANG_WARN_UNGUARDED_AVAILABILITY = YES_AGGRESSIVE;
				CLANG_WARN_UNREACHABLE_CODE = YES;
				CLANG_WARN__DUPLICATE_METHOD_MATCH = YES;
				COPY_PHASE_STRIP = NO;
				DEBUG_INFORMATION_FORMAT = "dwarf-with-dsym";
				ENABLE_NS_ASSERTIONS = NO;
				ENABLE_STRICT_OBJC_MSGSEND = YES;
				GCC_C_LANGUAGE_STANDARD = gnu11;
				GCC_NO_COMMON_BLOCKS = YES;
				GCC_WARN_64_TO_32_BIT_CONVERSION = YES;
				GCC_WARN_ABOUT_RETURN_TYPE = YES_ERROR;
				GCC_WARN_UNDECLARED_SELECTOR = YES;
				GCC_WARN_UNINITIALIZED_AUTOS = YES_AGGRESSIVE;
				GCC_WARN_UNUSED_FUNCTION = YES;
				GCC_WARN_UNUSED_VARIABLE = YES;
				IPHONEOS_DEPLOYMENT_TARGET = 15.5;
				MTL_ENABLE_DEBUG_INFO = NO;
				MTL_FAST_MATH = YES;
				SDKROOT = iphoneos;
				SWIFT_COMPILATION_MODE = wholemodule;
				SWIFT_OPTIMIZATION_LEVEL = "-O";
				VALIDATE_PRODUCT = YES;
			};
			name = Release;
		};
		DD35BE5D291E5040006F6950 /* Debug */ = {
			isa = XCBuildConfiguration;
			buildSettings = {
				ASSETCATALOG_COMPILER_APPICON_NAME = AppIcon;
				ASSETCATALOG_COMPILER_GLOBAL_ACCENT_COLOR_NAME = AccentColor;
				CODE_SIGN_STYLE = Automatic;
				CURRENT_PROJECT_VERSION = 1;
				GENERATE_INFOPLIST_FILE = YES;
				INFOPLIST_FILE = "Irfan Khan S/Info.plist";
				INFOPLIST_KEY_UIApplicationSupportsIndirectInputEvents = YES;
				INFOPLIST_KEY_UILaunchStoryboardName = LaunchScreen;
				INFOPLIST_KEY_UIMainStoryboardFile = Main;
				INFOPLIST_KEY_UISupportedInterfaceOrientations_iPad = "UIInterfaceOrientationPortrait UIInterfaceOrientationPortraitUpsideDown UIInterfaceOrientationLandscapeLeft UIInterfaceOrientationLandscapeRight";
				INFOPLIST_KEY_UISupportedInterfaceOrientations_iPhone = "UIInterfaceOrientationPortrait UIInterfaceOrientationLandscapeLeft UIInterfaceOrientationLandscapeRight";
				LD_RUNPATH_SEARCH_PATHS = (
					"$(inherited)",
					"@executable_path/Frameworks",
				);
				MARKETING_VERSION = 1.0;
				PRODUCT_BUNDLE_IDENTIFIER = "net.Irfan-Khan-S";
				PRODUCT_NAME = "$(TARGET_NAME)";
				SWIFT_EMIT_LOC_STRINGS = YES;
				SWIFT_VERSION = 5.0;
				TARGETED_DEVICE_FAMILY = "1,2";
			};
			name = Debug;
		};
		DD35BE5E291E5040006F6950 /* Release */ = {
			isa = XCBuildConfiguration;
			buildSettings = {
				ASSETCATALOG_COMPILER_APPICON_NAME = AppIcon;
				ASSETCATALOG_COMPILER_GLOBAL_ACCENT_COLOR_NAME = AccentColor;
				CODE_SIGN_STYLE = Automatic;
				CURRENT_PROJECT_VERSION = 1;
				GENERATE_INFOPLIST_FILE = YES;
				INFOPLIST_FILE = "Irfan Khan S/Info.plist";
				INFOPLIST_KEY_UIApplicationSupportsIndirectInputEvents = YES;
				INFOPLIST_KEY_UILaunchStoryboardName = LaunchScreen;
				INFOPLIST_KEY_UIMainStoryboardFile = Main;
				INFOPLIST_KEY_UISupportedInterfaceOrientations_iPad = "UIInterfaceOrientationPortrait UIInterfaceOrientationPortraitUpsideDown UIInterfaceOrientationLandscapeLeft UIInterfaceOrientationLandscapeRight";
				INFOPLIST_KEY_UISupportedInterfaceOrientations_iPhone = "UIInterfaceOrientationPortrait UIInterfaceOrientationLandscapeLeft UIInterfaceOrientationLandscapeRight";
				LD_RUNPATH_SEARCH_PATHS = (
					"$(inherited)",
					"@executable_path/Frameworks",
				);
				MARKETING_VERSION = 1.0;
				PRODUCT_BUNDLE_IDENTIFIER = "net.Irfan-Khan-S";
				PRODUCT_NAME = "$(TARGET_NAME)";
				SWIFT_EMIT_LOC_STRINGS = YES;
				SWIFT_VERSION = 5.0;
				TARGETED_DEVICE_FAMILY = "1,2";
			};
			name = Release;
		};
/* End XCBuildConfiguration section */

/* Begin XCConfigurationList section */
		DD35BE43291E503C006F6950 /* Build configuration list for PBXProject "Irfan Khan S" */ = {
			isa = XCConfigurationList;
			buildConfigurations = (
				DD35BE5A291E5040006F6950 /* Debug */,
				DD35BE5B291E5040006F6950 /* Release */,
			);
			defaultConfigurationIsVisible = 0;
			defaultConfigurationName = Release;
		};
		DD35BE5C291E5040006F6950 /* Build configuration list for PBXNativeTarget "Irfan Khan S" */ = {
			isa = XCConfigurationList;
			buildConfigurations = (
				DD35BE5D291E5040006F6950 /* Debug */,
				DD35BE5E291E5040006F6950 /* Release */,
			);
			defaultConfigurationIsVisible = 0;
			defaultConfigurationName = Release;
		};
/* End XCConfigurationList section */
	};
	rootObject = DD35BE40291E503C006F6950 /* Project object */;
}
